
Microsoft Visual Studio Solution File, Format Version 12.00
# Visual Studio Version 16
VisualStudioVersion = 16.0.35026.282
MinimumVisualStudioVersion = 10.0.40219.1
Project("{FAE04EC0-301F-11D3-BF4B-00C04F79EFBC}") = "TestApiCore", "TestApiCore\TestApiCore.csproj", "{F1270680-E92C-49FC-BA01-8589C4774151}"
EndProject
Project("{FAE04EC0-301F-11D3-BF4B-00C04F79EFBC}") = "DataCore", "DataCore\DataCore.csproj", "{57999ED2-F682-4938-9006-7A86B24531B1}"
EndProject
Global
	GlobalSection(SolutionConfigurationPlatforms) = preSolution
		Debug|Any CPU = Debug|Any CPU
		Release|Any CPU = Release|Any CPU
	EndGlobalSection
	GlobalSection(ProjectConfigurationPlatforms) = postSolution
		{F1270680-E92C-49FC-BA01-8589C4774151}.Debug|Any CPU.ActiveCfg = Debug|Any CPU
		{F1270680-E92C-49FC-BA01-8589C4774151}.Debug|Any CPU.Build.0 = Debug|Any CPU
		{F1270680-E92C-49FC-BA01-8589C4774151}.Release|Any CPU.ActiveCfg = Release|Any CPU
		{F1270680-E92C-49FC-BA01-8589C4774151}.Release|Any CPU.Build.0 = Release|Any CPU
		{57999ED2-F682-4938-9006-7A86B24531B1}.Debug|Any CPU.ActiveCfg = Debug|Any CPU
		{57999ED2-F682-4938-9006-7A86B24531B1}.Debug|Any CPU.Build.0 = Debug|Any CPU
		{57999ED2-F682-4938-9006-7A86B24531B1}.Release|Any CPU.ActiveCfg = Release|Any CPU
		{57999ED2-F682-4938-9006-7A86B24531B1}.Release|Any CPU.Build.0 = Release|Any CPU
	EndGlobalSection
	GlobalSection(SolutionProperties) = preSolution
		HideSolutionNode = FALSE
	EndGlobalSection
	GlobalSection(ExtensibilityGlobals) = postSolution
		SolutionGuid = {03969F1B-FAEC-4622-A8E9-6AA0B95BB324}
	EndGlobalSection
EndGlobal
